// !$*UTF8*$!
{
	archiveVersion = 1;
	classes = {
	};
	objectVersion = 51;
	objects = {

/* Begin PBXBuildFile section */
		3AB48302ABBF298B5CA40D65 /* Pods_GoPro.framework in Frameworks */ = {isa = PBXBuildFile; fileRef = AF998BD77B479A8CFEC20B8A /* Pods_GoPro.framework */; };
		954D4E2C68B2FC46D520F264 /* Pods_GoProTests.framework in Frameworks */ = {isa = PBXBuildFile; fileRef = FE2227E988F26D0A0891B0AE /* Pods_GoProTests.framework */; };
		B027D690232F710200A87548 /* Prize.swift in Sources */ = {isa = PBXBuildFile; fileRef = B027D68F232F710200A87548 /* Prize.swift */; };
		B027D692232F79B200A87548 /* SpinViewController.swift in Sources */ = {isa = PBXBuildFile; fileRef = B027D691232F79B200A87548 /* SpinViewController.swift */; };
		B027D694232F7AB400A87548 /* spin_short.mp3 in Resources */ = {isa = PBXBuildFile; fileRef = B027D693232F7AB400A87548 /* spin_short.mp3 */; };
		B027D696232FA6FE00A87548 /* ResultViewController.swift in Sources */ = {isa = PBXBuildFile; fileRef = B027D695232FA6FE00A87548 /* ResultViewController.swift */; };
		B04489D5232AB03E00B760C2 /* AppDelegate.swift in Sources */ = {isa = PBXBuildFile; fileRef = B04489D4232AB03E00B760C2 /* AppDelegate.swift */; };
		B04489D7232AB03E00B760C2 /* ViewController.swift in Sources */ = {isa = PBXBuildFile; fileRef = B04489D6232AB03E00B760C2 /* ViewController.swift */; };
		B04489DA232AB03E00B760C2 /* Main.storyboard in Resources */ = {isa = PBXBuildFile; fileRef = B04489D8232AB03E00B760C2 /* Main.storyboard */; };
		B04489DC232AB03E00B760C2 /* Assets.xcassets in Resources */ = {isa = PBXBuildFile; fileRef = B04489DB232AB03E00B760C2 /* Assets.xcassets */; };
		B04489DF232AB03E00B760C2 /* LaunchScreen.storyboard in Resources */ = {isa = PBXBuildFile; fileRef = B04489DD232AB03E00B760C2 /* LaunchScreen.storyboard */; };
		B04489EA232AB03F00B760C2 /* GoProTests.swift in Sources */ = {isa = PBXBuildFile; fileRef = B04489E9232AB03F00B760C2 /* GoProTests.swift */; };
		B04489F5232AB03F00B760C2 /* GoProUITests.swift in Sources */ = {isa = PBXBuildFile; fileRef = B04489F4232AB03F00B760C2 /* GoProUITests.swift */; };
		B0448A03232AB54B00B760C2 /* APIContants.swift in Sources */ = {isa = PBXBuildFile; fileRef = B0448A02232AB54B00B760C2 /* APIContants.swift */; };
		B0448A05232ABA8200B760C2 /* QRCodeScanViewController.swift in Sources */ = {isa = PBXBuildFile; fileRef = B0448A04232ABA8200B760C2 /* QRCodeScanViewController.swift */; };
		B0BCBCC223320D7800539A52 /* NetworkManager.swift in Sources */ = {isa = PBXBuildFile; fileRef = B0BCBCC123320D7800539A52 /* NetworkManager.swift */; };
		B0C65309232B9E4800DE4133 /* SharedManager.swift in Sources */ = {isa = PBXBuildFile; fileRef = B0C65308232B9E4800DE4133 /* SharedManager.swift */; };
		B0C6530B232BBFB100DE4133 /* Store.swift in Sources */ = {isa = PBXBuildFile; fileRef = B0C6530A232BBFB100DE4133 /* Store.swift */; };
		B0C6530F232BC3D700DE4133 /* Member.swift in Sources */ = {isa = PBXBuildFile; fileRef = B0C6530E232BC3D700DE4133 /* Member.swift */; };
		BA8800F55BC2099BBD58F6D0 /* Pods_GoProUITests.framework in Frameworks */ = {isa = PBXBuildFile; fileRef = 327C7D262931297EFF398495 /* Pods_GoProUITests.framework */; };
		F646E450233197DA003BDF68 /* BeaconViewController.swift in Sources */ = {isa = PBXBuildFile; fileRef = F646E44F233197DA003BDF68 /* BeaconViewController.swift */; };
		F646E45223319835003BDF68 /* SignalStrengthIndicator.swift in Sources */ = {isa = PBXBuildFile; fileRef = F646E45123319835003BDF68 /* SignalStrengthIndicator.swift */; };
		F67ED418233963F100EB16EE /* NEUROPOL.ttf in Resources */ = {isa = PBXBuildFile; fileRef = F67ED4172339624100EB16EE /* NEUROPOL.ttf */; };
		F68E9736232ACC7C00710E24 /* Gradient.swift in Sources */ = {isa = PBXBuildFile; fileRef = F68E9735232ACC7C00710E24 /* Gradient.swift */; };
		F68E9739232AD95200710E24 /* TextField.swift in Sources */ = {isa = PBXBuildFile; fileRef = F68E9738232AD95200710E24 /* TextField.swift */; };
		F6AA2A0C232B21DA0010EB3D /* Seville-Regular.ttf in Resources */ = {isa = PBXBuildFile; fileRef = F6AA2A09232B21DA0010EB3D /* Seville-Regular.ttf */; };
		F6AA2A0D232B21DA0010EB3D /* Seville-Bold.ttf in Resources */ = {isa = PBXBuildFile; fileRef = F6AA2A0A232B21DA0010EB3D /* Seville-Bold.ttf */; };
		F6AA2A0E232B21DA0010EB3D /* Seville-Book.ttf in Resources */ = {isa = PBXBuildFile; fileRef = F6AA2A0B232B21DA0010EB3D /* Seville-Book.ttf */; };
		F6B59AF82332CE5100ADF205 /* RoundButton.swift in Sources */ = {isa = PBXBuildFile; fileRef = F6B59AF72332CE5100ADF205 /* RoundButton.swift */; };
		F6B59AFC2332F9EE00ADF205 /* Slide.xib in Resources */ = {isa = PBXBuildFile; fileRef = F6B59AFA2332F9EE00ADF205 /* Slide.xib */; };
		F6B59AFD2332F9EE00ADF205 /* Slide.swift in Sources */ = {isa = PBXBuildFile; fileRef = F6B59AFB2332F9EE00ADF205 /* Slide.swift */; };
/* End PBXBuildFile section */

/* Begin PBXContainerItemProxy section */
		B04489E6232AB03F00B760C2 /* PBXContainerItemProxy */ = {
			isa = PBXContainerItemProxy;
			containerPortal = B04489C9232AB03E00B760C2 /* Project object */;
			proxyType = 1;
			remoteGlobalIDString = B04489D0232AB03E00B760C2;
			remoteInfo = GoPro;
		};
		B04489F1232AB03F00B760C2 /* PBXContainerItemProxy */ = {
			isa = PBXContainerItemProxy;
			containerPortal = B04489C9232AB03E00B760C2 /* Project object */;
			proxyType = 1;
			remoteGlobalIDString = B04489D0232AB03E00B760C2;
			remoteInfo = GoPro;
		};
/* End PBXContainerItemProxy section */

/* Begin PBXFileReference section */
		327C7D262931297EFF398495 /* Pods_GoProUITests.framework */ = {isa = PBXFileReference; explicitFileType = wrapper.framework; includeInIndex = 0; path = Pods_GoProUITests.framework; sourceTree = BUILT_PRODUCTS_DIR; };
		4F183D54AABD93F62943F951 /* Pods-GoPro.release.xcconfig */ = {isa = PBXFileReference; includeInIndex = 1; lastKnownFileType = text.xcconfig; name = "Pods-GoPro.release.xcconfig"; path = "Target Support Files/Pods-GoPro/Pods-GoPro.release.xcconfig"; sourceTree = "<group>"; };
		A0C62BDA63B71DFA42EADFE8 /* Pods-GoProUITests.debug.xcconfig */ = {isa = PBXFileReference; includeInIndex = 1; lastKnownFileType = text.xcconfig; name = "Pods-GoProUITests.debug.xcconfig"; path = "Target Support Files/Pods-GoProUITests/Pods-GoProUITests.debug.xcconfig"; sourceTree = "<group>"; };
		AD4CE0CEDB259D5963843D65 /* Pods-GoProUITests.release.xcconfig */ = {isa = PBXFileReference; includeInIndex = 1; lastKnownFileType = text.xcconfig; name = "Pods-GoProUITests.release.xcconfig"; path = "Target Support Files/Pods-GoProUITests/Pods-GoProUITests.release.xcconfig"; sourceTree = "<group>"; };
		AF998BD77B479A8CFEC20B8A /* Pods_GoPro.framework */ = {isa = PBXFileReference; explicitFileType = wrapper.framework; includeInIndex = 0; path = Pods_GoPro.framework; sourceTree = BUILT_PRODUCTS_DIR; };
		B027D68F232F710200A87548 /* Prize.swift */ = {isa = PBXFileReference; fileEncoding = 4; lastKnownFileType = sourcecode.swift; path = Prize.swift; sourceTree = "<group>"; };
		B027D691232F79B200A87548 /* SpinViewController.swift */ = {isa = PBXFileReference; fileEncoding = 4; lastKnownFileType = sourcecode.swift; path = SpinViewController.swift; sourceTree = "<group>"; };
		B027D693232F7AB400A87548 /* spin_short.mp3 */ = {isa = PBXFileReference; lastKnownFileType = audio.mp3; path = spin_short.mp3; sourceTree = "<group>"; };
		B027D695232FA6FE00A87548 /* ResultViewController.swift */ = {isa = PBXFileReference; lastKnownFileType = sourcecode.swift; path = ResultViewController.swift; sourceTree = "<group>"; };
		B04489D1232AB03E00B760C2 /* GoPro.app */ = {isa = PBXFileReference; explicitFileType = wrapper.application; includeInIndex = 0; path = GoPro.app; sourceTree = BUILT_PRODUCTS_DIR; };
		B04489D4232AB03E00B760C2 /* AppDelegate.swift */ = {isa = PBXFileReference; lastKnownFileType = sourcecode.swift; path = AppDelegate.swift; sourceTree = "<group>"; };
		B04489D6232AB03E00B760C2 /* ViewController.swift */ = {isa = PBXFileReference; lastKnownFileType = sourcecode.swift; path = ViewController.swift; sourceTree = "<group>"; };
		B04489D9232AB03E00B760C2 /* Base */ = {isa = PBXFileReference; lastKnownFileType = file.storyboard; name = Base; path = Base.lproj/Main.storyboard; sourceTree = "<group>"; };
		B04489DB232AB03E00B760C2 /* Assets.xcassets */ = {isa = PBXFileReference; lastKnownFileType = folder.assetcatalog; path = Assets.xcassets; sourceTree = "<group>"; };
		B04489DE232AB03E00B760C2 /* Base */ = {isa = PBXFileReference; lastKnownFileType = file.storyboard; name = Base; path = Base.lproj/LaunchScreen.storyboard; sourceTree = "<group>"; };
		B04489E0232AB03E00B760C2 /* Info.plist */ = {isa = PBXFileReference; lastKnownFileType = text.plist.xml; path = Info.plist; sourceTree = "<group>"; };
		B04489E5232AB03F00B760C2 /* GoProTests.xctest */ = {isa = PBXFileReference; explicitFileType = wrapper.cfbundle; includeInIndex = 0; path = GoProTests.xctest; sourceTree = BUILT_PRODUCTS_DIR; };
		B04489E9232AB03F00B760C2 /* GoProTests.swift */ = {isa = PBXFileReference; lastKnownFileType = sourcecode.swift; path = GoProTests.swift; sourceTree = "<group>"; };
		B04489EB232AB03F00B760C2 /* Info.plist */ = {isa = PBXFileReference; lastKnownFileType = text.plist.xml; path = Info.plist; sourceTree = "<group>"; };
		B04489F0232AB03F00B760C2 /* GoProUITests.xctest */ = {isa = PBXFileReference; explicitFileType = wrapper.cfbundle; includeInIndex = 0; path = GoProUITests.xctest; sourceTree = BUILT_PRODUCTS_DIR; };
		B04489F4232AB03F00B760C2 /* GoProUITests.swift */ = {isa = PBXFileReference; lastKnownFileType = sourcecode.swift; path = GoProUITests.swift; sourceTree = "<group>"; };
		B04489F6232AB03F00B760C2 /* Info.plist */ = {isa = PBXFileReference; lastKnownFileType = text.plist.xml; path = Info.plist; sourceTree = "<group>"; };
		B0448A02232AB54B00B760C2 /* APIContants.swift */ = {isa = PBXFileReference; fileEncoding = 4; lastKnownFileType = sourcecode.swift; path = APIContants.swift; sourceTree = "<group>"; };
		B0448A04232ABA8200B760C2 /* QRCodeScanViewController.swift */ = {isa = PBXFileReference; lastKnownFileType = sourcecode.swift; path = QRCodeScanViewController.swift; sourceTree = "<group>"; };
		B0BCBCC123320D7800539A52 /* NetworkManager.swift */ = {isa = PBXFileReference; fileEncoding = 4; lastKnownFileType = sourcecode.swift; path = NetworkManager.swift; sourceTree = "<group>"; };
		B0C65308232B9E4800DE4133 /* SharedManager.swift */ = {isa = PBXFileReference; lastKnownFileType = sourcecode.swift; path = SharedManager.swift; sourceTree = "<group>"; };
		B0C6530A232BBFB100DE4133 /* Store.swift */ = {isa = PBXFileReference; lastKnownFileType = sourcecode.swift; path = Store.swift; sourceTree = "<group>"; };
		B0C6530E232BC3D700DE4133 /* Member.swift */ = {isa = PBXFileReference; lastKnownFileType = sourcecode.swift; path = Member.swift; sourceTree = "<group>"; };
		BFA5104E8CC495A09773DE94 /* Pods-GoProTests.debug.xcconfig */ = {isa = PBXFileReference; includeInIndex = 1; lastKnownFileType = text.xcconfig; name = "Pods-GoProTests.debug.xcconfig"; path = "Target Support Files/Pods-GoProTests/Pods-GoProTests.debug.xcconfig"; sourceTree = "<group>"; };
		CA43115D80BCF91934B65526 /* Pods-GoPro.debug.xcconfig */ = {isa = PBXFileReference; includeInIndex = 1; lastKnownFileType = text.xcconfig; name = "Pods-GoPro.debug.xcconfig"; path = "Target Support Files/Pods-GoPro/Pods-GoPro.debug.xcconfig"; sourceTree = "<group>"; };
		E55758723466A78840DFFECB /* Pods-GoProTests.release.xcconfig */ = {isa = PBXFileReference; includeInIndex = 1; lastKnownFileType = text.xcconfig; name = "Pods-GoProTests.release.xcconfig"; path = "Target Support Files/Pods-GoProTests/Pods-GoProTests.release.xcconfig"; sourceTree = "<group>"; };
		F646E44F233197DA003BDF68 /* BeaconViewController.swift */ = {isa = PBXFileReference; lastKnownFileType = sourcecode.swift; path = BeaconViewController.swift; sourceTree = "<group>"; };
		F646E45123319835003BDF68 /* SignalStrengthIndicator.swift */ = {isa = PBXFileReference; fileEncoding = 4; lastKnownFileType = sourcecode.swift; path = SignalStrengthIndicator.swift; sourceTree = "<group>"; };
		F67ED4172339624100EB16EE /* NEUROPOL.ttf */ = {isa = PBXFileReference; lastKnownFileType = file; path = NEUROPOL.ttf; sourceTree = "<group>"; };
		F68E9735232ACC7C00710E24 /* Gradient.swift */ = {isa = PBXFileReference; lastKnownFileType = sourcecode.swift; path = Gradient.swift; sourceTree = "<group>"; };
		F68E9738232AD95200710E24 /* TextField.swift */ = {isa = PBXFileReference; lastKnownFileType = sourcecode.swift; path = TextField.swift; sourceTree = "<group>"; };
		F6AA2A09232B21DA0010EB3D /* Seville-Regular.ttf */ = {isa = PBXFileReference; lastKnownFileType = file; path = "Seville-Regular.ttf"; sourceTree = "<group>"; };
		F6AA2A0A232B21DA0010EB3D /* Seville-Bold.ttf */ = {isa = PBXFileReference; lastKnownFileType = file; path = "Seville-Bold.ttf"; sourceTree = "<group>"; };
		F6AA2A0B232B21DA0010EB3D /* Seville-Book.ttf */ = {isa = PBXFileReference; lastKnownFileType = file; path = "Seville-Book.ttf"; sourceTree = "<group>"; };
		F6B59AF72332CE5100ADF205 /* RoundButton.swift */ = {isa = PBXFileReference; fileEncoding = 4; lastKnownFileType = sourcecode.swift; path = RoundButton.swift; sourceTree = "<group>"; };
		F6B59AFA2332F9EE00ADF205 /* Slide.xib */ = {isa = PBXFileReference; fileEncoding = 4; lastKnownFileType = file.xib; path = Slide.xib; sourceTree = "<group>"; };
		F6B59AFB2332F9EE00ADF205 /* Slide.swift */ = {isa = PBXFileReference; fileEncoding = 4; lastKnownFileType = sourcecode.swift; path = Slide.swift; sourceTree = "<group>"; };
		FE2227E988F26D0A0891B0AE /* Pods_GoProTests.framework */ = {isa = PBXFileReference; explicitFileType = wrapper.framework; includeInIndex = 0; path = Pods_GoProTests.framework; sourceTree = BUILT_PRODUCTS_DIR; };
/* End PBXFileReference section */

/* Begin PBXFrameworksBuildPhase section */
		B04489CE232AB03E00B760C2 /* Frameworks */ = {
			isa = PBXFrameworksBuildPhase;
			buildActionMask = 2147483647;
			files = (
				3AB48302ABBF298B5CA40D65 /* Pods_GoPro.framework in Frameworks */,
			);
			runOnlyForDeploymentPostprocessing = 0;
		};
		B04489E2232AB03F00B760C2 /* Frameworks */ = {
			isa = PBXFrameworksBuildPhase;
			buildActionMask = 2147483647;
			files = (
				954D4E2C68B2FC46D520F264 /* Pods_GoProTests.framework in Frameworks */,
			);
			runOnlyForDeploymentPostprocessing = 0;
		};
		B04489ED232AB03F00B760C2 /* Frameworks */ = {
			isa = PBXFrameworksBuildPhase;
			buildActionMask = 2147483647;
			files = (
				BA8800F55BC2099BBD58F6D0 /* Pods_GoProUITests.framework in Frameworks */,
			);
			runOnlyForDeploymentPostprocessing = 0;
		};
/* End PBXFrameworksBuildPhase section */

/* Begin PBXGroup section */
		4FCAA3AB653D35642D379BDE /* Pods */ = {
			isa = PBXGroup;
			children = (
				CA43115D80BCF91934B65526 /* Pods-GoPro.debug.xcconfig */,
				4F183D54AABD93F62943F951 /* Pods-GoPro.release.xcconfig */,
				BFA5104E8CC495A09773DE94 /* Pods-GoProTests.debug.xcconfig */,
				E55758723466A78840DFFECB /* Pods-GoProTests.release.xcconfig */,
				A0C62BDA63B71DFA42EADFE8 /* Pods-GoProUITests.debug.xcconfig */,
				AD4CE0CEDB259D5963843D65 /* Pods-GoProUITests.release.xcconfig */,
			);
			path = Pods;
			sourceTree = "<group>";
		};
		7BCE01AF64D751D4F336C63F /* Frameworks */ = {
			isa = PBXGroup;
			children = (
				AF998BD77B479A8CFEC20B8A /* Pods_GoPro.framework */,
				FE2227E988F26D0A0891B0AE /* Pods_GoProTests.framework */,
				327C7D262931297EFF398495 /* Pods_GoProUITests.framework */,
			);
			name = Frameworks;
			sourceTree = "<group>";
		};
		B04489C8232AB03E00B760C2 = {
			isa = PBXGroup;
			children = (
				B04489D3232AB03E00B760C2 /* GoPro */,
				B04489E8232AB03F00B760C2 /* GoProTests */,
				B04489F3232AB03F00B760C2 /* GoProUITests */,
				B04489D2232AB03E00B760C2 /* Products */,
				4FCAA3AB653D35642D379BDE /* Pods */,
				7BCE01AF64D751D4F336C63F /* Frameworks */,
			);
			sourceTree = "<group>";
		};
		B04489D2232AB03E00B760C2 /* Products */ = {
			isa = PBXGroup;
			children = (
				B04489D1232AB03E00B760C2 /* GoPro.app */,
				B04489E5232AB03F00B760C2 /* GoProTests.xctest */,
				B04489F0232AB03F00B760C2 /* GoProUITests.xctest */,
			);
			name = Products;
			sourceTree = "<group>";
		};
		B04489D3232AB03E00B760C2 /* GoPro */ = {
			isa = PBXGroup;
			children = (
				F6B59AF92332F9DF00ADF205 /* View */,
				F6AA2A08232B21DA0010EB3D /* Fonts */,
				B0C6530D232BC3A800DE4133 /* Model */,
				F68E9737232ACCAE00710E24 /* Class */,
				B04489D4232AB03E00B760C2 /* AppDelegate.swift */,
				B04489D6232AB03E00B760C2 /* ViewController.swift */,
				B0448A04232ABA8200B760C2 /* QRCodeScanViewController.swift */,
				F646E44F233197DA003BDF68 /* BeaconViewController.swift */,
				B0448A02232AB54B00B760C2 /* APIContants.swift */,
				B0C65308232B9E4800DE4133 /* SharedManager.swift */,
				B027D691232F79B200A87548 /* SpinViewController.swift */,
				B027D695232FA6FE00A87548 /* ResultViewController.swift */,
				B0BCBCC123320D7800539A52 /* NetworkManager.swift */,
				B04489D8232AB03E00B760C2 /* Main.storyboard */,
				B04489DB232AB03E00B760C2 /* Assets.xcassets */,
				B027D693232F7AB400A87548 /* spin_short.mp3 */,
				B04489DD232AB03E00B760C2 /* LaunchScreen.storyboard */,
				B04489E0232AB03E00B760C2 /* Info.plist */,
			);
			path = GoPro;
			sourceTree = "<group>";
		};
		B04489E8232AB03F00B760C2 /* GoProTests */ = {
			isa = PBXGroup;
			children = (
				B04489E9232AB03F00B760C2 /* GoProTests.swift */,
				B04489EB232AB03F00B760C2 /* Info.plist */,
			);
			path = GoProTests;
			sourceTree = "<group>";
		};
		B04489F3232AB03F00B760C2 /* GoProUITests */ = {
			isa = PBXGroup;
			children = (
				B04489F4232AB03F00B760C2 /* GoProUITests.swift */,
				B04489F6232AB03F00B760C2 /* Info.plist */,
			);
			path = GoProUITests;
			sourceTree = "<group>";
		};
		B0C6530D232BC3A800DE4133 /* Model */ = {
			isa = PBXGroup;
			children = (
				B0C6530A232BBFB100DE4133 /* Store.swift */,
				B0C6530E232BC3D700DE4133 /* Member.swift */,
				B027D68F232F710200A87548 /* Prize.swift */,
			);
			path = Model;
			sourceTree = "<group>";
		};
		F68E9737232ACCAE00710E24 /* Class */ = {
			isa = PBXGroup;
			children = (
				F6B59AF72332CE5100ADF205 /* RoundButton.swift */,
				F646E45123319835003BDF68 /* SignalStrengthIndicator.swift */,
				F68E9735232ACC7C00710E24 /* Gradient.swift */,
				F68E9738232AD95200710E24 /* TextField.swift */,
			);
			path = Class;
			sourceTree = "<group>";
		};
		F6AA2A08232B21DA0010EB3D /* Fonts */ = {
			isa = PBXGroup;
			children = (
				F67ED4172339624100EB16EE /* NEUROPOL.ttf */,
				F6AA2A09232B21DA0010EB3D /* Seville-Regular.ttf */,
				F6AA2A0A232B21DA0010EB3D /* Seville-Bold.ttf */,
				F6AA2A0B232B21DA0010EB3D /* Seville-Book.ttf */,
			);
			path = Fonts;
			sourceTree = "<group>";
		};
		F6B59AF92332F9DF00ADF205 /* View */ = {
			isa = PBXGroup;
			children = (
				F6B59AFB2332F9EE00ADF205 /* Slide.swift */,
				F6B59AFA2332F9EE00ADF205 /* Slide.xib */,
			);
			path = View;
			sourceTree = "<group>";
		};
/* End PBXGroup section */

/* Begin PBXNativeTarget section */
		B04489D0232AB03E00B760C2 /* GoPro */ = {
			isa = PBXNativeTarget;
			buildConfigurationList = B04489F9232AB03F00B760C2 /* Build configuration list for PBXNativeTarget "GoPro" */;
			buildPhases = (
				1652459BCBD0E62868D4C7AC /* [CP] Check Pods Manifest.lock */,
				B04489CD232AB03E00B760C2 /* Sources */,
				B04489CE232AB03E00B760C2 /* Frameworks */,
				B04489CF232AB03E00B760C2 /* Resources */,
				E5546ABB834522A7DEC783F3 /* [CP] Embed Pods Frameworks */,
			);
			buildRules = (
			);
			dependencies = (
			);
			name = GoPro;
			productName = GoPro;
			productReference = B04489D1232AB03E00B760C2 /* GoPro.app */;
			productType = "com.apple.product-type.application";
		};
		B04489E4232AB03F00B760C2 /* GoProTests */ = {
			isa = PBXNativeTarget;
			buildConfigurationList = B04489FC232AB03F00B760C2 /* Build configuration list for PBXNativeTarget "GoProTests" */;
			buildPhases = (
				6C533672FB2DBB83FBCD2761 /* [CP] Check Pods Manifest.lock */,
				B04489E1232AB03F00B760C2 /* Sources */,
				B04489E2232AB03F00B760C2 /* Frameworks */,
				B04489E3232AB03F00B760C2 /* Resources */,
			);
			buildRules = (
			);
			dependencies = (
				B04489E7232AB03F00B760C2 /* PBXTargetDependency */,
			);
			name = GoProTests;
			productName = GoProTests;
			productReference = B04489E5232AB03F00B760C2 /* GoProTests.xctest */;
			productType = "com.apple.product-type.bundle.unit-test";
		};
		B04489EF232AB03F00B760C2 /* GoProUITests */ = {
			isa = PBXNativeTarget;
			buildConfigurationList = B04489FF232AB03F00B760C2 /* Build configuration list for PBXNativeTarget "GoProUITests" */;
			buildPhases = (
				AD63171329CB6A882131DDBB /* [CP] Check Pods Manifest.lock */,
				B04489EC232AB03F00B760C2 /* Sources */,
				B04489ED232AB03F00B760C2 /* Frameworks */,
				B04489EE232AB03F00B760C2 /* Resources */,
			);
			buildRules = (
			);
			dependencies = (
				B04489F2232AB03F00B760C2 /* PBXTargetDependency */,
			);
			name = GoProUITests;
			productName = GoProUITests;
			productReference = B04489F0232AB03F00B760C2 /* GoProUITests.xctest */;
			productType = "com.apple.product-type.bundle.ui-testing";
		};
/* End PBXNativeTarget section */

/* Begin PBXProject section */
		B04489C9232AB03E00B760C2 /* Project object */ = {
			isa = PBXProject;
			attributes = {
				LastSwiftUpdateCheck = 1030;
				LastUpgradeCheck = 1030;
				ORGANIZATIONNAME = Partnerpeople;
				TargetAttributes = {
					B04489D0232AB03E00B760C2 = {
						CreatedOnToolsVersion = 10.3;
						SystemCapabilities = {
							com.apple.BackgroundModes = {
								enabled = 1;
							};
						};
					};
					B04489E4232AB03F00B760C2 = {
						CreatedOnToolsVersion = 10.3;
						TestTargetID = B04489D0232AB03E00B760C2;
					};
					B04489EF232AB03F00B760C2 = {
						CreatedOnToolsVersion = 10.3;
						TestTargetID = B04489D0232AB03E00B760C2;
					};
				};
			};
			buildConfigurationList = B04489CC232AB03E00B760C2 /* Build configuration list for PBXProject "GoPro" */;
			compatibilityVersion = "Xcode 9.3";
			developmentRegion = en;
			hasScannedForEncodings = 0;
			knownRegions = (
				en,
				Base,
			);
			mainGroup = B04489C8232AB03E00B760C2;
			productRefGroup = B04489D2232AB03E00B760C2 /* Products */;
			projectDirPath = "";
			projectRoot = "";
			targets = (
				B04489D0232AB03E00B760C2 /* GoPro */,
				B04489E4232AB03F00B760C2 /* GoProTests */,
				B04489EF232AB03F00B760C2 /* GoProUITests */,
			);
		};
/* End PBXProject section */

/* Begin PBXResourcesBuildPhase section */
		B04489CF232AB03E00B760C2 /* Resources */ = {
			isa = PBXResourcesBuildPhase;
			buildActionMask = 2147483647;
			files = (
				B04489DF232AB03E00B760C2 /* LaunchScreen.storyboard in Resources */,
				B04489DC232AB03E00B760C2 /* Assets.xcassets in Resources */,
				F6AA2A0E232B21DA0010EB3D /* Seville-Book.ttf in Resources */,
				F67ED418233963F100EB16EE /* NEUROPOL.ttf in Resources */,
				F6B59AFC2332F9EE00ADF205 /* Slide.xib in Resources */,
				F6AA2A0C232B21DA0010EB3D /* Seville-Regular.ttf in Resources */,
				B027D694232F7AB400A87548 /* spin_short.mp3 in Resources */,
				B04489DA232AB03E00B760C2 /* Main.storyboard in Resources */,
				F6AA2A0D232B21DA0010EB3D /* Seville-Bold.ttf in Resources */,
			);
			runOnlyForDeploymentPostprocessing = 0;
		};
		B04489E3232AB03F00B760C2 /* Resources */ = {
			isa = PBXResourcesBuildPhase;
			buildActionMask = 2147483647;
			files = (
			);
			runOnlyForDeploymentPostprocessing = 0;
		};
		B04489EE232AB03F00B760C2 /* Resources */ = {
			isa = PBXResourcesBuildPhase;
			buildActionMask = 2147483647;
			files = (
			);
			runOnlyForDeploymentPostprocessing = 0;
		};
/* End PBXResourcesBuildPhase section */

/* Begin PBXShellScriptBuildPhase section */
		1652459BCBD0E62868D4C7AC /* [CP] Check Pods Manifest.lock */ = {
			isa = PBXShellScriptBuildPhase;
			buildActionMask = 2147483647;
			files = (
			);
			inputFileListPaths = (
			);
			inputPaths = (
				"${PODS_PODFILE_DIR_PATH}/Podfile.lock",
				"${PODS_ROOT}/Manifest.lock",
			);
			name = "[CP] Check Pods Manifest.lock";
			outputFileListPaths = (
			);
			outputPaths = (
				"$(DERIVED_FILE_DIR)/Pods-GoPro-checkManifestLockResult.txt",
			);
			runOnlyForDeploymentPostprocessing = 0;
			shellPath = /bin/sh;
			shellScript = "diff \"${PODS_PODFILE_DIR_PATH}/Podfile.lock\" \"${PODS_ROOT}/Manifest.lock\" > /dev/null\nif [ $? != 0 ] ; then\n    # print error to STDERR\n    echo \"error: The sandbox is not in sync with the Podfile.lock. Run 'pod install' or update your CocoaPods installation.\" >&2\n    exit 1\nfi\n# This output is used by Xcode 'outputs' to avoid re-running this script phase.\necho \"SUCCESS\" > \"${SCRIPT_OUTPUT_FILE_0}\"\n";
			showEnvVarsInLog = 0;
		};
		6C533672FB2DBB83FBCD2761 /* [CP] Check Pods Manifest.lock */ = {
			isa = PBXShellScriptBuildPhase;
			buildActionMask = 2147483647;
			files = (
			);
			inputFileListPaths = (
			);
			inputPaths = (
				"${PODS_PODFILE_DIR_PATH}/Podfile.lock",
				"${PODS_ROOT}/Manifest.lock",
			);
			name = "[CP] Check Pods Manifest.lock";
			outputFileListPaths = (
			);
			outputPaths = (
				"$(DERIVED_FILE_DIR)/Pods-GoProTests-checkManifestLockResult.txt",
			);
			runOnlyForDeploymentPostprocessing = 0;
			shellPath = /bin/sh;
			shellScript = "diff \"${PODS_PODFILE_DIR_PATH}/Podfile.lock\" \"${PODS_ROOT}/Manifest.lock\" > /dev/null\nif [ $? != 0 ] ; then\n    # print error to STDERR\n    echo \"error: The sandbox is not in sync with the Podfile.lock. Run 'pod install' or update your CocoaPods installation.\" >&2\n    exit 1\nfi\n# This output is used by Xcode 'outputs' to avoid re-running this script phase.\necho \"SUCCESS\" > \"${SCRIPT_OUTPUT_FILE_0}\"\n";
			showEnvVarsInLog = 0;
		};
		AD63171329CB6A882131DDBB /* [CP] Check Pods Manifest.lock */ = {
			isa = PBXShellScriptBuildPhase;
			buildActionMask = 2147483647;
			files = (
			);
			inputFileListPaths = (
			);
			inputPaths = (
				"${PODS_PODFILE_DIR_PATH}/Podfile.lock",
				"${PODS_ROOT}/Manifest.lock",
			);
			name = "[CP] Check Pods Manifest.lock";
			outputFileListPaths = (
			);
			outputPaths = (
				"$(DERIVED_FILE_DIR)/Pods-GoProUITests-checkManifestLockResult.txt",
			);
			runOnlyForDeploymentPostprocessing = 0;
			shellPath = /bin/sh;
			shellScript = "diff \"${PODS_PODFILE_DIR_PATH}/Podfile.lock\" \"${PODS_ROOT}/Manifest.lock\" > /dev/null\nif [ $? != 0 ] ; then\n    # print error to STDERR\n    echo \"error: The sandbox is not in sync with the Podfile.lock. Run 'pod install' or update your CocoaPods installation.\" >&2\n    exit 1\nfi\n# This output is used by Xcode 'outputs' to avoid re-running this script phase.\necho \"SUCCESS\" > \"${SCRIPT_OUTPUT_FILE_0}\"\n";
			showEnvVarsInLog = 0;
		};
		E5546ABB834522A7DEC783F3 /* [CP] Embed Pods Frameworks */ = {
			isa = PBXShellScriptBuildPhase;
			buildActionMask = 2147483647;
			files = (
			);
			inputFileListPaths = (
				"${PODS_ROOT}/Target Support Files/Pods-GoPro/Pods-GoPro-frameworks-${CONFIGURATION}-input-files.xcfilelist",
			);
			name = "[CP] Embed Pods Frameworks";
			outputFileListPaths = (
				"${PODS_ROOT}/Target Support Files/Pods-GoPro/Pods-GoPro-frameworks-${CONFIGURATION}-output-files.xcfilelist",
			);
			runOnlyForDeploymentPostprocessing = 0;
			shellPath = /bin/sh;
			shellScript = "\"${PODS_ROOT}/Target Support Files/Pods-GoPro/Pods-GoPro-frameworks.sh\"\n";
			showEnvVarsInLog = 0;
		};
/* End PBXShellScriptBuildPhase section */

/* Begin PBXSourcesBuildPhase section */
		B04489CD232AB03E00B760C2 /* Sources */ = {
			isa = PBXSourcesBuildPhase;
			buildActionMask = 2147483647;
			files = (
				F6B59AF82332CE5100ADF205 /* RoundButton.swift in Sources */,
				B027D696232FA6FE00A87548 /* ResultViewController.swift in Sources */,
				B0C65309232B9E4800DE4133 /* SharedManager.swift in Sources */,
				B04489D7232AB03E00B760C2 /* ViewController.swift in Sources */,
				B0C6530B232BBFB100DE4133 /* Store.swift in Sources */,
				B027D692232F79B200A87548 /* SpinViewController.swift in Sources */,
				B027D690232F710200A87548 /* Prize.swift in Sources */,
				B04489D5232AB03E00B760C2 /* AppDelegate.swift in Sources */,
				F6B59AFD2332F9EE00ADF205 /* Slide.swift in Sources */,
				F68E9739232AD95200710E24 /* TextField.swift in Sources */,
				F646E45223319835003BDF68 /* SignalStrengthIndicator.swift in Sources */,
				B0448A03232AB54B00B760C2 /* APIContants.swift in Sources */,
				F646E450233197DA003BDF68 /* BeaconViewController.swift in Sources */,
				B0448A05232ABA8200B760C2 /* QRCodeScanViewController.swift in Sources */,
				B0BCBCC223320D7800539A52 /* NetworkManager.swift in Sources */,
				F68E9736232ACC7C00710E24 /* Gradient.swift in Sources */,
				B0C6530F232BC3D700DE4133 /* Member.swift in Sources */,
			);
			runOnlyForDeploymentPostprocessing = 0;
		};
		B04489E1232AB03F00B760C2 /* Sources */ = {
			isa = PBXSourcesBuildPhase;
			buildActionMask = 2147483647;
			files = (
				B04489EA232AB03F00B760C2 /* GoProTests.swift in Sources */,
			);
			runOnlyForDeploymentPostprocessing = 0;
		};
		B04489EC232AB03F00B760C2 /* Sources */ = {
			isa = PBXSourcesBuildPhase;
			buildActionMask = 2147483647;
			files = (
				B04489F5232AB03F00B760C2 /* GoProUITests.swift in Sources */,
			);
			runOnlyForDeploymentPostprocessing = 0;
		};
/* End PBXSourcesBuildPhase section */

/* Begin PBXTargetDependency section */
		B04489E7232AB03F00B760C2 /* PBXTargetDependency */ = {
			isa = PBXTargetDependency;
			target = B04489D0232AB03E00B760C2 /* GoPro */;
			targetProxy = B04489E6232AB03F00B760C2 /* PBXContainerItemProxy */;
		};
		B04489F2232AB03F00B760C2 /* PBXTargetDependency */ = {
			isa = PBXTargetDependency;
			target = B04489D0232AB03E00B760C2 /* GoPro */;
			targetProxy = B04489F1232AB03F00B760C2 /* PBXContainerItemProxy */;
		};
/* End PBXTargetDependency section */

/* Begin PBXVariantGroup section */
		B04489D8232AB03E00B760C2 /* Main.storyboard */ = {
			isa = PBXVariantGroup;
			children = (
				B04489D9232AB03E00B760C2 /* Base */,
			);
			name = Main.storyboard;
			sourceTree = "<group>";
		};
		B04489DD232AB03E00B760C2 /* LaunchScreen.storyboard */ = {
			isa = PBXVariantGroup;
			children = (
				B04489DE232AB03E00B760C2 /* Base */,
			);
			name = LaunchScreen.storyboard;
			sourceTree = "<group>";
		};
/* End PBXVariantGroup section */

/* Begin XCBuildConfiguration section */
		B04489F7232AB03F00B760C2 /* Debug */ = {
			isa = XCBuildConfiguration;
			buildSettings = {
				ALWAYS_SEARCH_USER_PATHS = NO;
				CLANG_ANALYZER_NONNULL = YES;
				CLANG_ANALYZER_NUMBER_OBJECT_CONVERSION = YES_AGGRESSIVE;
				CLANG_CXX_LANGUAGE_STANDARD = "gnu++14";
				CLANG_CXX_LIBRARY = "libc++";
				CLANG_ENABLE_MODULES = YES;
				CLANG_ENABLE_OBJC_ARC = YES;
				CLANG_ENABLE_OBJC_WEAK = YES;
				CLANG_WARN_BLOCK_CAPTURE_AUTORELEASING = YES;
				CLANG_WARN_BOOL_CONVERSION = YES;
				CLANG_WARN_COMMA = YES;
				CLANG_WARN_CONSTANT_CONVERSION = YES;
				CLANG_WARN_DEPRECATED_OBJC_IMPLEMENTATIONS = YES;
				CLANG_WARN_DIRECT_OBJC_ISA_USAGE = YES_ERROR;
				CLANG_WARN_DOCUMENTATION_COMMENTS = YES;
				CLANG_WARN_EMPTY_BODY = YES;
				CLANG_WARN_ENUM_CONVERSION = YES;
				CLANG_WARN_INFINITE_RECURSION = YES;
				CLANG_WARN_INT_CONVERSION = YES;
				CLANG_WARN_NON_LITERAL_NULL_CONVERSION = YES;
				CLANG_WARN_OBJC_IMPLICIT_RETAIN_SELF = YES;
				CLANG_WARN_OBJC_LITERAL_CONVERSION = YES;
				CLANG_WARN_OBJC_ROOT_CLASS = YES_ERROR;
				CLANG_WARN_RANGE_LOOP_ANALYSIS = YES;
				CLANG_WARN_STRICT_PROTOTYPES = YES;
				CLANG_WARN_SUSPICIOUS_MOVE = YES;
				CLANG_WARN_UNGUARDED_AVAILABILITY = YES_AGGRESSIVE;
				CLANG_WARN_UNREACHABLE_CODE = YES;
				CLANG_WARN__DUPLICATE_METHOD_MATCH = YES;
				CODE_SIGN_IDENTITY = "iPhone Developer";
				COPY_PHASE_STRIP = NO;
				DEBUG_INFORMATION_FORMAT = dwarf;
				ENABLE_STRICT_OBJC_MSGSEND = YES;
				ENABLE_TESTABILITY = YES;
				GCC_C_LANGUAGE_STANDARD = gnu11;
				GCC_DYNAMIC_NO_PIC = NO;
				GCC_NO_COMMON_BLOCKS = YES;
				GCC_OPTIMIZATION_LEVEL = 0;
				GCC_PREPROCESSOR_DEFINITIONS = (
					"DEBUG=1",
					"$(inherited)",
				);
				GCC_WARN_64_TO_32_BIT_CONVERSION = YES;
				GCC_WARN_ABOUT_RETURN_TYPE = YES_ERROR;
				GCC_WARN_UNDECLARED_SELECTOR = YES;
				GCC_WARN_UNINITIALIZED_AUTOS = YES_AGGRESSIVE;
				GCC_WARN_UNUSED_FUNCTION = YES;
				GCC_WARN_UNUSED_VARIABLE = YES;
				IPHONEOS_DEPLOYMENT_TARGET = 12.4;
				MTL_ENABLE_DEBUG_INFO = INCLUDE_SOURCE;
				MTL_FAST_MATH = YES;
				ONLY_ACTIVE_ARCH = YES;
				SDKROOT = iphoneos;
				SWIFT_ACTIVE_COMPILATION_CONDITIONS = DEBUG;
				SWIFT_OPTIMIZATION_LEVEL = "-Onone";
			};
			name = Debug;
		};
		B04489F8232AB03F00B760C2 /* Release */ = {
			isa = XCBuildConfiguration;
			buildSettings = {
				ALWAYS_SEARCH_USER_PATHS = NO;
				CLANG_ANALYZER_NONNULL = YES;
				CLANG_ANALYZER_NUMBER_OBJECT_CONVERSION = YES_AGGRESSIVE;
				CLANG_CXX_LANGUAGE_STANDARD = "gnu++14";
				CLANG_CXX_LIBRARY = "libc++";
				CLANG_ENABLE_MODULES = YES;
				CLANG_ENABLE_OBJC_ARC = YES;
				CLANG_ENABLE_OBJC_WEAK = YES;
				CLANG_WARN_BLOCK_CAPTURE_AUTORELEASING = YES;
				CLANG_WARN_BOOL_CONVERSION = YES;
				CLANG_WARN_COMMA = YES;
				CLANG_WARN_CONSTANT_CONVERSION = YES;
				CLANG_WARN_DEPRECATED_OBJC_IMPLEMENTATIONS = YES;
				CLANG_WARN_DIRECT_OBJC_ISA_USAGE = YES_ERROR;
				CLANG_WARN_DOCUMENTATION_COMMENTS = YES;
				CLANG_WARN_EMPTY_BODY = YES;
				CLANG_WARN_ENUM_CONVERSION = YES;
				CLANG_WARN_INFINITE_RECURSION = YES;
				CLANG_WARN_INT_CONVERSION = YES;
				CLANG_WARN_NON_LITERAL_NULL_CONVERSION = YES;
				CLANG_WARN_OBJC_IMPLICIT_RETAIN_SELF = YES;
				CLANG_WARN_OBJC_LITERAL_CONVERSION = YES;
				CLANG_WARN_OBJC_ROOT_CLASS = YES_ERROR;
				CLANG_WARN_RANGE_LOOP_ANALYSIS = YES;
				CLANG_WARN_STRICT_PROTOTYPES = YES;
				CLANG_WARN_SUSPICIOUS_MOVE = YES;
				CLANG_WARN_UNGUARDED_AVAILABILITY = YES_AGGRESSIVE;
				CLANG_WARN_UNREACHABLE_CODE = YES;
				CLANG_WARN__DUPLICATE_METHOD_MATCH = YES;
				CODE_SIGN_IDENTITY = "iPhone Developer";
				COPY_PHASE_STRIP = NO;
				DEBUG_INFORMATION_FORMAT = "dwarf-with-dsym";
				ENABLE_NS_ASSERTIONS = NO;
				ENABLE_STRICT_OBJC_MSGSEND = YES;
				GCC_C_LANGUAGE_STANDARD = gnu11;
				GCC_NO_COMMON_BLOCKS = YES;
				GCC_WARN_64_TO_32_BIT_CONVERSION = YES;
				GCC_WARN_ABOUT_RETURN_TYPE = YES_ERROR;
				GCC_WARN_UNDECLARED_SELECTOR = YES;
				GCC_WARN_UNINITIALIZED_AUTOS = YES_AGGRESSIVE;
				GCC_WARN_UNUSED_FUNCTION = YES;
				GCC_WARN_UNUSED_VARIABLE = YES;
				IPHONEOS_DEPLOYMENT_TARGET = 12.4;
				MTL_ENABLE_DEBUG_INFO = NO;
				MTL_FAST_MATH = YES;
				SDKROOT = iphoneos;
				SWIFT_COMPILATION_MODE = wholemodule;
				SWIFT_OPTIMIZATION_LEVEL = "-O";
				VALIDATE_PRODUCT = YES;
			};
			name = Release;
		};
		B04489FA232AB03F00B760C2 /* Debug */ = {
			isa = XCBuildConfiguration;
			baseConfigurationReference = CA43115D80BCF91934B65526 /* Pods-GoPro.debug.xcconfig */;
			buildSettings = {
				ASSETCATALOG_COMPILER_APPICON_NAME = AppIcon;
				CODE_SIGN_STYLE = Automatic;
				DEVELOPMENT_TEAM = 39PNH6XQ75;
				INFOPLIST_FILE = GoPro/Info.plist;
				LD_RUNPATH_SEARCH_PATHS = (
					"$(inherited)",
					"@executable_path/Frameworks",
				);
				OTHER_LDFLAGS = (
					"$(inherited)",
					"-l\"z\"",
					"-framework",
					"\"AVFoundation\"",
					"-framework",
					"\"Alamofire\"",
					"-framework",
					"\"CoreGraphics\"",
					"-framework",
					"\"FBSDKCoreKit\"",
					"-framework",
					"\"FBSDKLoginKit\"",
					"-framework",
					"\"ImageIO\"",
					"-framework",
					"\"MBProgressHUD\"",
					"-framework",
					"\"QRCodeReader\"",
					"-framework",
					"\"QuartzCore\"",
					"-framework",
					"\"SDWebImage\"",
					"-framework",
					"\"SwiftyJSON\"",
					"-weak_framework",
					"\"Accounts\"",
					"-weak_framework",
					"\"AudioToolbox\"",
					"-weak_framework",
					"\"CoreGraphics\"",
					"-weak_framework",
					"\"CoreLocation\"",
					"-weak_framework",
					"\"Foundation\"",
					"-weak_framework",
					"\"QuartzCore\"",
					"-weak_framework",
					"\"Security\"",
					"-weak_framework",
					"\"Social\"",
					"-weak_framework",
					"\"UIKit\"",
					"-ObjC",
				);
				PRODUCT_BUNDLE_IDENTIFIER = com.partnerpeople.gopro;
				PRODUCT_NAME = "$(TARGET_NAME)";
				SWIFT_VERSION = 5.0;
				TARGETED_DEVICE_FAMILY = "1,2";
			};
			name = Debug;
		};
		B04489FB232AB03F00B760C2 /* Release */ = {
			isa = XCBuildConfiguration;
			baseConfigurationReference = 4F183D54AABD93F62943F951 /* Pods-GoPro.release.xcconfig */;
			buildSettings = {
				ASSETCATALOG_COMPILER_APPICON_NAME = AppIcon;
				CODE_SIGN_STYLE = Automatic;
				DEVELOPMENT_TEAM = 39PNH6XQ75;
				INFOPLIST_FILE = GoPro/Info.plist;
				LD_RUNPATH_SEARCH_PATHS = (
					"$(inherited)",
					"@executable_path/Frameworks",
				);
				OTHER_LDFLAGS = (
					"$(inherited)",
					"-l\"z\"",
					"-framework",
					"\"AVFoundation\"",
					"-framework",
					"\"Alamofire\"",
					"-framework",
					"\"CoreGraphics\"",
					"-framework",
					"\"FBSDKCoreKit\"",
					"-framework",
					"\"FBSDKLoginKit\"",
					"-framework",
					"\"ImageIO\"",
					"-framework",
					"\"MBProgressHUD\"",
					"-framework",
					"\"QRCodeReader\"",
					"-framework",
					"\"QuartzCore\"",
					"-framework",
					"\"SDWebImage\"",
					"-framework",
					"\"SwiftyJSON\"",
					"-weak_framework",
					"\"Accounts\"",
					"-weak_framework",
					"\"AudioToolbox\"",
					"-weak_framework",
					"\"CoreGraphics\"",
					"-weak_framework",
					"\"CoreLocation\"",
					"-weak_framework",
					"\"Foundation\"",
					"-weak_framework",
					"\"QuartzCore\"",
					"-weak_framework",
					"\"Security\"",
					"-weak_framework",
					"\"Social\"",
					"-weak_framework",
					"\"UIKit\"",
					"-ObjC",
				);
				PRODUCT_BUNDLE_IDENTIFIER = com.partnerpeople.gopro;
				PRODUCT_NAME = "$(TARGET_NAME)";
				SWIFT_VERSION = 5.0;
				TARGETED_DEVICE_FAMILY = "1,2";
			};
			name = Release;
		};
		B04489FD232AB03F00B760C2 /* Debug */ = {
			isa = XCBuildConfiguration;
			baseConfigurationReference = BFA5104E8CC495A09773DE94 /* Pods-GoProTests.debug.xcconfig */;
			buildSettings = {
				ALWAYS_EMBED_SWIFT_STANDARD_LIBRARIES = YES;
				BUNDLE_LOADER = "$(TEST_HOST)";
				CODE_SIGN_STYLE = Automatic;
				DEVELOPMENT_TEAM = X78MVC2E3Y;
				INFOPLIST_FILE = GoProTests/Info.plist;
				LD_RUNPATH_SEARCH_PATHS = (
					"$(inherited)",
					"@executable_path/Frameworks",
					"@loader_path/Frameworks",
				);
				PRODUCT_BUNDLE_IDENTIFIER = com.partnerpeople.GoProTests;
				PRODUCT_NAME = "$(TARGET_NAME)";
				SWIFT_VERSION = 5.0;
				TARGETED_DEVICE_FAMILY = "1,2";
				TEST_HOST = "$(BUILT_PRODUCTS_DIR)/GoPro.temp_caseinsensitive_rename.app/GoPro.temp_caseinsensitive_rename";
			};
			name = Debug;
		};
		B04489FE232AB03F00B760C2 /* Release */ = {
			isa = XCBuildConfiguration;
			baseConfigurationReference = E55758723466A78840DFFECB /* Pods-GoProTests.release.xcconfig */;
			buildSettings = {
				ALWAYS_EMBED_SWIFT_STANDARD_LIBRARIES = YES;
				BUNDLE_LOADER = "$(TEST_HOST)";
				CODE_SIGN_STYLE = Automatic;
				DEVELOPMENT_TEAM = X78MVC2E3Y;
				INFOPLIST_FILE = GoProTests/Info.plist;
				LD_RUNPATH_SEARCH_PATHS = (
					"$(inherited)",
					"@executable_path/Frameworks",
					"@loader_path/Frameworks",
				);
				PRODUCT_BUNDLE_IDENTIFIER = com.partnerpeople.GoProTests;
				PRODUCT_NAME = "$(TARGET_NAME)";
				SWIFT_VERSION = 5.0;
				TARGETED_DEVICE_FAMILY = "1,2";
				TEST_HOST = "$(BUILT_PRODUCTS_DIR)/GoPro.temp_caseinsensitive_rename.app/GoPro.temp_caseinsensitive_rename";
			};
			name = Release;
		};
		B0448A00232AB03F00B760C2 /* Debug */ = {
			isa = XCBuildConfiguration;
			baseConfigurationReference = A0C62BDA63B71DFA42EADFE8 /* Pods-GoProUITests.debug.xcconfig */;
			buildSettings = {
				ALWAYS_EMBED_SWIFT_STANDARD_LIBRARIES = YES;
				CODE_SIGN_STYLE = Automatic;
				DEVELOPMENT_TEAM = X78MVC2E3Y;
				INFOPLIST_FILE = GoProUITests/Info.plist;
				LD_RUNPATH_SEARCH_PATHS = (
					"$(inherited)",
					"@executable_path/Frameworks",
					"@loader_path/Frameworks",
				);
				PRODUCT_BUNDLE_IDENTIFIER = com.partnerpeople.GoProUITests;
				PRODUCT_NAME = "$(TARGET_NAME)";
				SWIFT_VERSION = 5.0;
				TARGETED_DEVICE_FAMILY = "1,2";
				TEST_TARGET_NAME = GoPro;
			};
			name = Debug;
		};
		B0448A01232AB03F00B760C2 /* Release */ = {
			isa = XCBuildConfiguration;
			baseConfigurationReference = AD4CE0CEDB259D5963843D65 /* Pods-GoProUITests.release.xcconfig */;
			buildSettings = {
				ALWAYS_EMBED_SWIFT_STANDARD_LIBRARIES = YES;
				CODE_SIGN_STYLE = Automatic;
				DEVELOPMENT_TEAM = X78MVC2E3Y;
				INFOPLIST_FILE = GoProUITests/Info.plist;
				LD_RUNPATH_SEARCH_PATHS = (
					"$(inherited)",
					"@executable_path/Frameworks",
					"@loader_path/Frameworks",
				);
				PRODUCT_BUNDLE_IDENTIFIER = com.partnerpeople.GoProUITests;
				PRODUCT_NAME = "$(TARGET_NAME)";
				SWIFT_VERSION = 5.0;
				TARGETED_DEVICE_FAMILY = "1,2";
				TEST_TARGET_NAME = GoPro;
			};
			name = Release;
		};
/* End XCBuildConfiguration section */

/* Begin XCConfigurationList section */
		B04489CC232AB03E00B760C2 /* Build configuration list for PBXProject "GoPro" */ = {
			isa = XCConfigurationList;
			buildConfigurations = (
				B04489F7232AB03F00B760C2 /* Debug */,
				B04489F8232AB03F00B760C2 /* Release */,
			);
			defaultConfigurationIsVisible = 0;
			defaultConfigurationName = Release;
		};
		B04489F9232AB03F00B760C2 /* Build configuration list for PBXNativeTarget "GoPro" */ = {
			isa = XCConfigurationList;
			buildConfigurations = (
				B04489FA232AB03F00B760C2 /* Debug */,
				B04489FB232AB03F00B760C2 /* Release */,
			);
			defaultConfigurationIsVisible = 0;
			defaultConfigurationName = Release;
		};
		B04489FC232AB03F00B760C2 /* Build configuration list for PBXNativeTarget "GoProTests" */ = {
			isa = XCConfigurationList;
			buildConfigurations = (
				B04489FD232AB03F00B760C2 /* Debug */,
				B04489FE232AB03F00B760C2 /* Release */,
			);
			defaultConfigurationIsVisible = 0;
			defaultConfigurationName = Release;
		};
		B04489FF232AB03F00B760C2 /* Build configuration list for PBXNativeTarget "GoProUITests" */ = {
			isa = XCConfigurationList;
			buildConfigurations = (
				B0448A00232AB03F00B760C2 /* Debug */,
				B0448A01232AB03F00B760C2 /* Release */,
			);
			defaultConfigurationIsVisible = 0;
			defaultConfigurationName = Release;
		};
/* End XCConfigurationList section */
	};
	rootObject = B04489C9232AB03E00B760C2 /* Project object */;
}
